Microsoft Visual Studio Solution File, Format Version 12.00
# Visual Studio Version 17
VisualStudioVersion = 17.5.2.0
MinimumVisualStudioVersion = 10.0.40219.1
Project("{FAE04EC0-301F-11D3-BF4B-00C04F79EFBC}") = "MiAreaVol", "MiAreaVol\MiAreaVol.csproj", "{2E1FF5D4-EB71-65BC-7AED-0CB17D2AABFB}"
EndProject
Global
	GlobalSection(SolutionConfigurationPlatforms) = preSolution
		Debug|Any CPU = Debug|Any CPU
		Release|Any CPU = Release|Any CPU
	EndGlobalSection
	GlobalSection(ProjectConfigurationPlatforms) = postSolution
		{2E1FF5D4-EB71-65BC-7AED-0CB17D2AABFB}.Debug|Any CPU.ActiveCfg = Debug|Any CPU
		{2E1FF5D4-EB71-65BC-7AED-0CB17D2AABFB}.Debug|Any CPU.Build.0 = Debug|Any CPU
		{2E1FF5D4-EB71-65BC-7AED-0CB17D2AABFB}.Release|Any CPU.ActiveCfg = Release|Any CPU
		{2E1FF5D4-EB71-65BC-7AED-0CB17D2AABFB}.Release|Any CPU.Build.0 = Release|Any CPU
	EndGlobalSection
	GlobalSection(SolutionProperties) = preSolution
		HideSolutionNode = FALSE
	EndGlobalSection
	GlobalSection(ExtensibilityGlobals) = postSolution
		SolutionGuid = {0E7DB2D1-FEAE-4EF3-BE96-73DF97FF7F64}
	EndGlobalSection
EndGlobal
